
Microsoft Visual Studio Solution File, Format Version 12.00
# Visual Studio Version 17
VisualStudioVersion = 17.6.33829.357
MinimumVisualStudioVersion = 10.0.40219.1
Project("{FAE04EC0-301F-11D3-BF4B-00C04F79EFBC}") = "WebApp", "WebApp\WebApp.csproj", "{4BB5F37F-E8F4-4717-9398-C0D4CDEFBDCE}"
EndProject
Global
	GlobalSection(SolutionConfigurationPlatforms) = preSolution
		Debug|Any CPU = Debug|Any CPU
		Release|Any CPU = Release|Any CPU
	EndGlobalSection
	GlobalSection(ProjectConfigurationPlatforms) = postSolution
		{4BB5F37F-E8F4-4717-9398-C0D4CDEFBDCE}.Debug|Any CPU.ActiveCfg = Debug|Any CPU
		{4BB5F37F-E8F4-4717-9398-C0D4CDEFBDCE}.Debug|Any CPU.Build.0 = Debug|Any CPU
		{4BB5F37F-E8F4-4717-9398-C0D4CDEFBDCE}.Release|Any CPU.ActiveCfg = Release|Any CPU
		{4BB5F37F-E8F4-4717-9398-C0D4CDEFBDCE}.Release|Any CPU.Build.0 = Release|Any CPU
	EndGlobalSection
	GlobalSection(SolutionProperties) = preSolution
		HideSolutionNode = FALSE
	EndGlobalSection
	GlobalSection(ExtensibilityGlobals) = postSolution
		SolutionGuid = {DB43F7E0-A2A7-4267-8F3A-EDA169348FE7}
	EndGlobalSection
EndGlobal
